// !$*UTF8*$!
{
	archiveVersion = 1;
	classes = {
	};
	objectVersion = 46;
	objects = {

/* Begin PBXBuildFile section */
		F4428C431AD41AEE0034A722 /* JahiaWatcherSettings.swift in Sources */ = {isa = PBXBuildFile; fileRef = F4428C421AD41AEE0034A722 /* JahiaWatcherSettings.swift */; };
		F4428C441AD422740034A722 /* JahiaWatcherSettings.swift in Sources */ = {isa = PBXBuildFile; fileRef = F4428C421AD41AEE0034A722 /* JahiaWatcherSettings.swift */; };
		F4428C461AD534490034A722 /* SettingsViewController.swift in Sources */ = {isa = PBXBuildFile; fileRef = F4428C451AD534490034A722 /* SettingsViewController.swift */; };
		F4428C481AD54ED50034A722 /* JahiaServerServices.swift in Sources */ = {isa = PBXBuildFile; fileRef = F4428C471AD54ED50034A722 /* JahiaServerServices.swift */; };
		F4428C491AD54ED50034A722 /* JahiaServerServices.swift in Sources */ = {isa = PBXBuildFile; fileRef = F4428C471AD54ED50034A722 /* JahiaServerServices.swift */; };
		F4428C4C1AD554580034A722 /* PostsInterfaceController.swift in Sources */ = {isa = PBXBuildFile; fileRef = F4428C4B1AD554580034A722 /* PostsInterfaceController.swift */; };
		F4428C4E1AD554680034A722 /* MainInterfaceController.swift in Sources */ = {isa = PBXBuildFile; fileRef = F4428C4D1AD554680034A722 /* MainInterfaceController.swift */; };
		F4428C501AD556B40034A722 /* PostDetailInterfaceController.swift in Sources */ = {isa = PBXBuildFile; fileRef = F4428C4F1AD556B40034A722 /* PostDetailInterfaceController.swift */; };
		F4428C521AD556DF0034A722 /* TaskDetailInterfaceController.swift in Sources */ = {isa = PBXBuildFile; fileRef = F4428C511AD556DF0034A722 /* TaskDetailInterfaceController.swift */; };
		F4428C541AD55B020034A722 /* PostsRowController.swift in Sources */ = {isa = PBXBuildFile; fileRef = F4428C531AD55B020034A722 /* PostsRowController.swift */; };
		F4428C561AD55B100034A722 /* TasksRowController.swift in Sources */ = {isa = PBXBuildFile; fileRef = F4428C551AD55B100034A722 /* TasksRowController.swift */; };
		F4428C581AD5638D0034A722 /* PostsTableViewController.swift in Sources */ = {isa = PBXBuildFile; fileRef = F4428C571AD5638D0034A722 /* PostsTableViewController.swift */; };
		F4428C5A1AD56AC10034A722 /* PostExtractTableViewCell.swift in Sources */ = {isa = PBXBuildFile; fileRef = F4428C591AD56AC10034A722 /* PostExtractTableViewCell.swift */; };
		F4478D951AFC998B00763D5C /* NSDate+RelativeTime.swift in Sources */ = {isa = PBXBuildFile; fileRef = F4478D941AFC998B00763D5C /* NSDate+RelativeTime.swift */; };
		F4478D961AFC998B00763D5C /* NSDate+RelativeTime.swift in Sources */ = {isa = PBXBuildFile; fileRef = F4478D941AFC998B00763D5C /* NSDate+RelativeTime.swift */; };
		F4478D971AFC998B00763D5C /* NSDate+RelativeTime.swift in Sources */ = {isa = PBXBuildFile; fileRef = F4478D941AFC998B00763D5C /* NSDate+RelativeTime.swift */; };
		F4478D991AFC9F0D00763D5C /* Task.swift in Sources */ = {isa = PBXBuildFile; fileRef = F4478D981AFC9F0D00763D5C /* Task.swift */; };
		F4478D9B1AFC9F0D00763D5C /* Task.swift in Sources */ = {isa = PBXBuildFile; fileRef = F4478D981AFC9F0D00763D5C /* Task.swift */; };
		F4478D9F1AFCA13100763D5C /* TasksTableViewController.swift in Sources */ = {isa = PBXBuildFile; fileRef = F4478D9E1AFCA13100763D5C /* TasksTableViewController.swift */; };
		F4478DA11AFCA24F00763D5C /* TaskDetailViewController.swift in Sources */ = {isa = PBXBuildFile; fileRef = F4478DA01AFCA24F00763D5C /* TaskDetailViewController.swift */; };
		F4478DA31AFCA27000763D5C /* TaskExtractTableViewCell.swift in Sources */ = {isa = PBXBuildFile; fileRef = F4478DA21AFCA27000763D5C /* TaskExtractTableViewCell.swift */; };
		F476C8B11AE33D2200178A8F /* PostDetailViewController.swift in Sources */ = {isa = PBXBuildFile; fileRef = F476C8B01AE33D2200178A8F /* PostDetailViewController.swift */; };
		F4A3FB0C1AE0722B007CB24F /* NewTaskNotificationController.swift in Sources */ = {isa = PBXBuildFile; fileRef = F4A3FB0B1AE0722B007CB24F /* NewTaskNotificationController.swift */; };
		F4EB43C01AAD7E910049F30F /* AppDelegate.swift in Sources */ = {isa = PBXBuildFile; fileRef = F4EB43BF1AAD7E910049F30F /* AppDelegate.swift */; };
		F4EB43C71AAD7E910049F30F /* Main.storyboard in Resources */ = {isa = PBXBuildFile; fileRef = F4EB43C51AAD7E910049F30F /* Main.storyboard */; };
		F4EB43C91AAD7E910049F30F /* Images.xcassets in Resources */ = {isa = PBXBuildFile; fileRef = F4EB43C81AAD7E910049F30F /* Images.xcassets */; };
		F4EB43CC1AAD7E910049F30F /* LaunchScreen.xib in Resources */ = {isa = PBXBuildFile; fileRef = F4EB43CA1AAD7E910049F30F /* LaunchScreen.xib */; };
		F4EB43D81AAD7E910049F30F /* JahiaWatcherTests.swift in Sources */ = {isa = PBXBuildFile; fileRef = F4EB43D71AAD7E910049F30F /* JahiaWatcherTests.swift */; };
		F4EB43EB1AAD7F010049F30F /* TasksInterfaceController.swift in Sources */ = {isa = PBXBuildFile; fileRef = F4EB43EA1AAD7F010049F30F /* TasksInterfaceController.swift */; };
		F4EB43ED1AAD7F010049F30F /* NewPostNotificationController.swift in Sources */ = {isa = PBXBuildFile; fileRef = F4EB43EC1AAD7F010049F30F /* NewPostNotificationController.swift */; };
		F4EB43EF1AAD7F010049F30F /* GlanceController.swift in Sources */ = {isa = PBXBuildFile; fileRef = F4EB43EE1AAD7F010049F30F /* GlanceController.swift */; };
		F4EB43F11AAD7F010049F30F /* Images.xcassets in Resources */ = {isa = PBXBuildFile; fileRef = F4EB43F01AAD7F010049F30F /* Images.xcassets */; };
		F4EB43F51AAD7F010049F30F /* Jahia Watcher WatchKit App.app in Resources */ = {isa = PBXBuildFile; fileRef = F4EB43F41AAD7F010049F30F /* Jahia Watcher WatchKit App.app */; };
		F4EB43FD1AAD7F010049F30F /* Interface.storyboard in Resources */ = {isa = PBXBuildFile; fileRef = F4EB43FB1AAD7F010049F30F /* Interface.storyboard */; };
		F4EB43FF1AAD7F010049F30F /* Images.xcassets in Resources */ = {isa = PBXBuildFile; fileRef = F4EB43FE1AAD7F010049F30F /* Images.xcassets */; };
		F4EB44021AAD7F010049F30F /* Jahia Watcher WatchKit Extension.appex in Embed App Extensions */ = {isa = PBXBuildFile; fileRef = F4EB43E51AAD7F010049F30F /* Jahia Watcher WatchKit Extension.appex */; settings = {ATTRIBUTES = (RemoveHeadersOnCopy, ); }; };
		F4F23BB41AD99E6E003751C6 /* MainTabBarController.swift in Sources */ = {isa = PBXBuildFile; fileRef = F4F23BB31AD99E6E003751C6 /* MainTabBarController.swift */; };
		F4F412CD1B00D91300DB21BD /* TaskContentPreviewViewController.swift in Sources */ = {isa = PBXBuildFile; fileRef = F4F412CC1B00D91300DB21BD /* TaskContentPreviewViewController.swift */; };
		F4F412CF1B0250F500DB21BD /* TaskAction.swift in Sources */ = {isa = PBXBuildFile; fileRef = F4F412CE1B0250F500DB21BD /* TaskAction.swift */; };
		F4F412D01B0250F500DB21BD /* TaskAction.swift in Sources */ = {isa = PBXBuildFile; fileRef = F4F412CE1B0250F500DB21BD /* TaskAction.swift */; };
		F4F412D11B0250F500DB21BD /* TaskAction.swift in Sources */ = {isa = PBXBuildFile; fileRef = F4F412CE1B0250F500DB21BD /* TaskAction.swift */; };
		F4F412D71B03276400DB21BD /* IdUIBarButtonItem.swift in Sources */ = {isa = PBXBuildFile; fileRef = F4F412D61B03276400DB21BD /* IdUIBarButtonItem.swift */; };
		F4F412D91B04D35E00DB21BD /* SwiftSpinner.swift in Sources */ = {isa = PBXBuildFile; fileRef = F4F412D81B04D35E00DB21BD /* SwiftSpinner.swift */; };
		F4F412DB1B04D63F00DB21BD /* MessageDelegate.swift in Sources */ = {isa = PBXBuildFile; fileRef = F4F412DA1B04D63F00DB21BD /* MessageDelegate.swift */; };
		F4F412DD1B04DA7600DB21BD /* SwiftSpinnerMessageDelegate.swift in Sources */ = {isa = PBXBuildFile; fileRef = F4F412DC1B04DA7600DB21BD /* SwiftSpinnerMessageDelegate.swift */; };
		F4F412DE1B04DE1F00DB21BD /* MessageDelegate.swift in Sources */ = {isa = PBXBuildFile; fileRef = F4F412DA1B04D63F00DB21BD /* MessageDelegate.swift */; };
		F4F412DF1B04DE2000DB21BD /* MessageDelegate.swift in Sources */ = {isa = PBXBuildFile; fileRef = F4F412DA1B04D63F00DB21BD /* MessageDelegate.swift */; };
		F4F412E41B064BD600DB21BD /* ConfirmationDialogContext.swift in Sources */ = {isa = PBXBuildFile; fileRef = F4F412E01B064A9300DB21BD /* ConfirmationDialogContext.swift */; };
		F4F412E51B064CF000DB21BD /* ConfirmationDialogInterfaceController.swift in Sources */ = {isa = PBXBuildFile; fileRef = F4F412E21B064B6000DB21BD /* ConfirmationDialogInterfaceController.swift */; };
		F4F412E71B07720D00DB21BD /* DefaultMessageDelegate.swift in Sources */ = {isa = PBXBuildFile; fileRef = F4F412E61B07720D00DB21BD /* DefaultMessageDelegate.swift */; };
		F4F412E81B07720D00DB21BD /* DefaultMessageDelegate.swift in Sources */ = {isa = PBXBuildFile; fileRef = F4F412E61B07720D00DB21BD /* DefaultMessageDelegate.swift */; };
		F4F412E91B07720D00DB21BD /* DefaultMessageDelegate.swift in Sources */ = {isa = PBXBuildFile; fileRef = F4F412E61B07720D00DB21BD /* DefaultMessageDelegate.swift */; };
		F4F7AD141AEA865000AFBBB8 /* Post.swift in Sources */ = {isa = PBXBuildFile; fileRef = F4F7AD131AEA865000AFBBB8 /* Post.swift */; };
		F4F7AD151AEA865000AFBBB8 /* Post.swift in Sources */ = {isa = PBXBuildFile; fileRef = F4F7AD131AEA865000AFBBB8 /* Post.swift */; };
		F4FD97E41B0B80D1001A0474 /* PostAction.swift in Sources */ = {isa = PBXBuildFile; fileRef = F4FD97E31B0B80D1001A0474 /* PostAction.swift */; };
		F4FD97E51B0B80D1001A0474 /* PostAction.swift in Sources */ = {isa = PBXBuildFile; fileRef = F4FD97E31B0B80D1001A0474 /* PostAction.swift */; };
		F4FD97E61B0B80D1001A0474 /* PostAction.swift in Sources */ = {isa = PBXBuildFile; fileRef = F4FD97E31B0B80D1001A0474 /* PostAction.swift */; };
		F4FFCA7F1AADE39600B2F040 /* logo-jahia-small.png in Resources */ = {isa = PBXBuildFile; fileRef = F4FFCA7E1AADE39600B2F040 /* logo-jahia-small.png */; };
/* End PBXBuildFile section */

/* Begin PBXContainerItemProxy section */
		F4EB43D21AAD7E910049F30F /* PBXContainerItemProxy */ = {
			isa = PBXContainerItemProxy;
			containerPortal = F4EB43B21AAD7E910049F30F /* Project object */;
			proxyType = 1;
			remoteGlobalIDString = F4EB43B91AAD7E910049F30F;
			remoteInfo = WatchTasks;
		};
		F4EB43F61AAD7F010049F30F /* PBXContainerItemProxy */ = {
			isa = PBXContainerItemProxy;
			containerPortal = F4EB43B21AAD7E910049F30F /* Project object */;
			proxyType = 1;
			remoteGlobalIDString = F4EB43F31AAD7F010049F30F;
			remoteInfo = "WatchTasks WatchKit App";
		};
		F4EB44001AAD7F010049F30F /* PBXContainerItemProxy */ = {
			isa = PBXContainerItemProxy;
			containerPortal = F4EB43B21AAD7E910049F30F /* Project object */;
			proxyType = 1;
			remoteGlobalIDString = F4EB43E41AAD7F010049F30F;
			remoteInfo = "WatchTasks WatchKit Extension";
		};
/* End PBXContainerItemProxy section */

/* Begin PBXCopyFilesBuildPhase section */
		F4EB44091AAD7F010049F30F /* Embed App Extensions */ = {
			isa = PBXCopyFilesBuildPhase;
			buildActionMask = 2147483647;
			dstPath = "";
			dstSubfolderSpec = 13;
			files = (
				F4EB44021AAD7F010049F30F /* Jahia Watcher WatchKit Extension.appex in Embed App Extensions */,
			);
			name = "Embed App Extensions";
			runOnlyForDeploymentPostprocessing = 0;
		};
/* End PBXCopyFilesBuildPhase section */

/* Begin PBXFileReference section */
		F4428C401AD412430034A722 /* Jahia Watcher.entitlements */ = {isa = PBXFileReference; lastKnownFileType = text.xml; path = "Jahia Watcher.entitlements"; sourceTree = SOURCE_ROOT; };
		F4428C411AD4125E0034A722 /* Jahia Watcher WatchKit Extension.entitlements */ = {isa = PBXFileReference; lastKnownFileType = text.xml; path = "Jahia Watcher WatchKit Extension.entitlements"; sourceTree = SOURCE_ROOT; };
		F4428C421AD41AEE0034A722 /* JahiaWatcherSettings.swift */ = {isa = PBXFileReference; fileEncoding = 4; lastKnownFileType = sourcecode.swift; name = JahiaWatcherSettings.swift; path = WatchTasks/JahiaWatcherSettings.swift; sourceTree = "<group>"; };
		F4428C451AD534490034A722 /* SettingsViewController.swift */ = {isa = PBXFileReference; fileEncoding = 4; lastKnownFileType = sourcecode.swift; path = SettingsViewController.swift; sourceTree = "<group>"; };
		F4428C471AD54ED50034A722 /* JahiaServerServices.swift */ = {isa = PBXFileReference; fileEncoding = 4; lastKnownFileType = sourcecode.swift; name = JahiaServerServices.swift; path = WatchTasks/JahiaServerServices.swift; sourceTree = "<group>"; };
		F4428C4B1AD554580034A722 /* PostsInterfaceController.swift */ = {isa = PBXFileReference; fileEncoding = 4; lastKnownFileType = sourcecode.swift; path = PostsInterfaceController.swift; sourceTree = "<group>"; };
		F4428C4D1AD554680034A722 /* MainInterfaceController.swift */ = {isa = PBXFileReference; fileEncoding = 4; lastKnownFileType = sourcecode.swift; path = MainInterfaceController.swift; sourceTree = "<group>"; };
		F4428C4F1AD556B40034A722 /* PostDetailInterfaceController.swift */ = {isa = PBXFileReference; fileEncoding = 4; lastKnownFileType = sourcecode.swift; path = PostDetailInterfaceController.swift; sourceTree = "<group>"; };
		F4428C511AD556DF0034A722 /* TaskDetailInterfaceController.swift */ = {isa = PBXFileReference; fileEncoding = 4; lastKnownFileType = sourcecode.swift; path = TaskDetailInterfaceController.swift; sourceTree = "<group>"; };
		F4428C531AD55B020034A722 /* PostsRowController.swift */ = {isa = PBXFileReference; fileEncoding = 4; lastKnownFileType = sourcecode.swift; path = PostsRowController.swift; sourceTree = "<group>"; };
		F4428C551AD55B100034A722 /* TasksRowController.swift */ = {isa = PBXFileReference; fileEncoding = 4; lastKnownFileType = sourcecode.swift; path = TasksRowController.swift; sourceTree = "<group>"; };
		F4428C571AD5638D0034A722 /* PostsTableViewController.swift */ = {isa = PBXFileReference; fileEncoding = 4; lastKnownFileType = sourcecode.swift; path = PostsTableViewController.swift; sourceTree = "<group>"; };
		F4428C591AD56AC10034A722 /* PostExtractTableViewCell.swift */ = {isa = PBXFileReference; fileEncoding = 4; lastKnownFileType = sourcecode.swift; path = PostExtractTableViewCell.swift; sourceTree = "<group>"; };
		F4478D941AFC998B00763D5C /* NSDate+RelativeTime.swift */ = {isa = PBXFileReference; fileEncoding = 4; lastKnownFileType = sourcecode.swift; path = "NSDate+RelativeTime.swift"; sourceTree = "<group>"; };
		F4478D981AFC9F0D00763D5C /* Task.swift */ = {isa = PBXFileReference; fileEncoding = 4; lastKnownFileType = sourcecode.swift; path = Task.swift; sourceTree = "<group>"; };
		F4478D9E1AFCA13100763D5C /* TasksTableViewController.swift */ = {isa = PBXFileReference; fileEncoding = 4; lastKnownFileType = sourcecode.swift; path = TasksTableViewController.swift; sourceTree = "<group>"; };
		F4478DA01AFCA24F00763D5C /* TaskDetailViewController.swift */ = {isa = PBXFileReference; fileEncoding = 4; lastKnownFileType = sourcecode.swift; path = TaskDetailViewController.swift; sourceTree = "<group>"; };
		F4478DA21AFCA27000763D5C /* TaskExtractTableViewCell.swift */ = {isa = PBXFileReference; fileEncoding = 4; lastKnownFileType = sourcecode.swift; path = TaskExtractTableViewCell.swift; sourceTree = "<group>"; };
		F476C8B01AE33D2200178A8F /* PostDetailViewController.swift */ = {isa = PBXFileReference; fileEncoding = 4; lastKnownFileType = sourcecode.swift; path = PostDetailViewController.swift; sourceTree = "<group>"; };
		F4A3FB0A1AE07130007CB24F /* NewTaskNotificationPayload.apns */ = {isa = PBXFileReference; lastKnownFileType = text; path = NewTaskNotificationPayload.apns; sourceTree = "<group>"; };
		F4A3FB0B1AE0722B007CB24F /* NewTaskNotificationController.swift */ = {isa = PBXFileReference; fileEncoding = 4; lastKnownFileType = sourcecode.swift; path = NewTaskNotificationController.swift; sourceTree = "<group>"; };
		F4EB43BA1AAD7E910049F30F /* Jahia Watcher.app */ = {isa = PBXFileReference; explicitFileType = wrapper.application; includeInIndex = 0; path = "Jahia Watcher.app"; sourceTree = BUILT_PRODUCTS_DIR; };
		F4EB43BE1AAD7E910049F30F /* Info.plist */ = {isa = PBXFileReference; lastKnownFileType = text.plist.xml; path = Info.plist; sourceTree = "<group>"; };
		F4EB43BF1AAD7E910049F30F /* AppDelegate.swift */ = {isa = PBXFileReference; lastKnownFileType = sourcecode.swift; path = AppDelegate.swift; sourceTree = "<group>"; };
		F4EB43C61AAD7E910049F30F /* Base */ = {isa = PBXFileReference; lastKnownFileType = file.storyboard; name = Base; path = Base.lproj/Main.storyboard; sourceTree = "<group>"; };
		F4EB43C81AAD7E910049F30F /* Images.xcassets */ = {isa = PBXFileReference; lastKnownFileType = folder.assetcatalog; path = Images.xcassets; sourceTree = "<group>"; };
		F4EB43CB1AAD7E910049F30F /* Base */ = {isa = PBXFileReference; lastKnownFileType = file.xib; name = Base; path = Base.lproj/LaunchScreen.xib; sourceTree = "<group>"; };
		F4EB43D11AAD7E910049F30F /* Jahia WatcherTests.xctest */ = {isa = PBXFileReference; explicitFileType = wrapper.cfbundle; includeInIndex = 0; path = "Jahia WatcherTests.xctest"; sourceTree = BUILT_PRODUCTS_DIR; };
		F4EB43D61AAD7E910049F30F /* Info.plist */ = {isa = PBXFileReference; lastKnownFileType = text.plist.xml; path = Info.plist; sourceTree = "<group>"; };
		F4EB43D71AAD7E910049F30F /* JahiaWatcherTests.swift */ = {isa = PBXFileReference; lastKnownFileType = sourcecode.swift; path = JahiaWatcherTests.swift; sourceTree = "<group>"; };
		F4EB43E51AAD7F010049F30F /* Jahia Watcher WatchKit Extension.appex */ = {isa = PBXFileReference; explicitFileType = "wrapper.app-extension"; includeInIndex = 0; path = "Jahia Watcher WatchKit Extension.appex"; sourceTree = BUILT_PRODUCTS_DIR; };
		F4EB43E81AAD7F010049F30F /* Info.plist */ = {isa = PBXFileReference; lastKnownFileType = text.plist.xml; path = Info.plist; sourceTree = "<group>"; };
		F4EB43E91AAD7F010049F30F /* NewPostNotificationPayload.apns */ = {isa = PBXFileReference; lastKnownFileType = text; path = NewPostNotificationPayload.apns; sourceTree = "<group>"; };
		F4EB43EA1AAD7F010049F30F /* TasksInterfaceController.swift */ = {isa = PBXFileReference; lastKnownFileType = sourcecode.swift; path = TasksInterfaceController.swift; sourceTree = "<group>"; };
		F4EB43EC1AAD7F010049F30F /* NewPostNotificationController.swift */ = {isa = PBXFileReference; lastKnownFileType = sourcecode.swift; path = NewPostNotificationController.swift; sourceTree = "<group>"; };
		F4EB43EE1AAD7F010049F30F /* GlanceController.swift */ = {isa = PBXFileReference; lastKnownFileType = sourcecode.swift; path = GlanceController.swift; sourceTree = "<group>"; };
		F4EB43F01AAD7F010049F30F /* Images.xcassets */ = {isa = PBXFileReference; lastKnownFileType = folder.assetcatalog; path = Images.xcassets; sourceTree = "<group>"; };
		F4EB43F41AAD7F010049F30F /* Jahia Watcher WatchKit App.app */ = {isa = PBXFileReference; explicitFileType = wrapper.application; includeInIndex = 0; path = "Jahia Watcher WatchKit App.app"; sourceTree = BUILT_PRODUCTS_DIR; };
		F4EB43FA1AAD7F010049F30F /* Info.plist */ = {isa = PBXFileReference; lastKnownFileType = text.plist.xml; path = Info.plist; sourceTree = "<group>"; };
		F4EB43FC1AAD7F010049F30F /* Base */ = {isa = PBXFileReference; lastKnownFileType = file.storyboard; name = Base; path = Base.lproj/Interface.storyboard; sourceTree = "<group>"; };
		F4EB43FE1AAD7F010049F30F /* Images.xcassets */ = {isa = PBXFileReference; lastKnownFileType = folder.assetcatalog; path = Images.xcassets; sourceTree = "<group>"; };
		F4F23BB31AD99E6E003751C6 /* MainTabBarController.swift */ = {isa = PBXFileReference; fileEncoding = 4; lastKnownFileType = sourcecode.swift; path = MainTabBarController.swift; sourceTree = "<group>"; };
		F4F412CC1B00D91300DB21BD /* TaskContentPreviewViewController.swift */ = {isa = PBXFileReference; fileEncoding = 4; lastKnownFileType = sourcecode.swift; path = TaskContentPreviewViewController.swift; sourceTree = "<group>"; };
		F4F412CE1B0250F500DB21BD /* TaskAction.swift */ = {isa = PBXFileReference; fileEncoding = 4; lastKnownFileType = sourcecode.swift; path = TaskAction.swift; sourceTree = "<group>"; };
		F4F412D61B03276400DB21BD /* IdUIBarButtonItem.swift */ = {isa = PBXFileReference; fileEncoding = 4; lastKnownFileType = sourcecode.swift; path = IdUIBarButtonItem.swift; sourceTree = "<group>"; };
		F4F412D81B04D35E00DB21BD /* SwiftSpinner.swift */ = {isa = PBXFileReference; fileEncoding = 4; lastKnownFileType = sourcecode.swift; path = SwiftSpinner.swift; sourceTree = "<group>"; };
		F4F412DA1B04D63F00DB21BD /* MessageDelegate.swift */ = {isa = PBXFileReference; fileEncoding = 4; lastKnownFileType = sourcecode.swift; path = MessageDelegate.swift; sourceTree = "<group>"; };
		F4F412DC1B04DA7600DB21BD /* SwiftSpinnerMessageDelegate.swift */ = {isa = PBXFileReference; fileEncoding = 4; lastKnownFileType = sourcecode.swift; path = SwiftSpinnerMessageDelegate.swift; sourceTree = "<group>"; };
		F4F412E01B064A9300DB21BD /* ConfirmationDialogContext.swift */ = {isa = PBXFileReference; fileEncoding = 4; lastKnownFileType = sourcecode.swift; path = ConfirmationDialogContext.swift; sourceTree = "<group>"; };
		F4F412E21B064B6000DB21BD /* ConfirmationDialogInterfaceController.swift */ = {isa = PBXFileReference; fileEncoding = 4; lastKnownFileType = sourcecode.swift; path = ConfirmationDialogInterfaceController.swift; sourceTree = "<group>"; };
		F4F412E61B07720D00DB21BD /* DefaultMessageDelegate.swift */ = {isa = PBXFileReference; fileEncoding = 4; lastKnownFileType = sourcecode.swift; path = DefaultMessageDelegate.swift; sourceTree = "<group>"; };
		F4F7AD131AEA865000AFBBB8 /* Post.swift */ = {isa = PBXFileReference; fileEncoding = 4; lastKnownFileType = sourcecode.swift; name = Post.swift; path = WatchTasks/Post.swift; sourceTree = "<group>"; };
		F4FD97E31B0B80D1001A0474 /* PostAction.swift */ = {isa = PBXFileReference; fileEncoding = 4; lastKnownFileType = sourcecode.swift; path = PostAction.swift; sourceTree = "<group>"; };
		F4FFCA7E1AADE39600B2F040 /* logo-jahia-small.png */ = {isa = PBXFileReference; lastKnownFileType = image.png; path = "logo-jahia-small.png"; sourceTree = "<group>"; };
/* End PBXFileReference section */

/* Begin PBXFrameworksBuildPhase section */
		F4EB43B71AAD7E910049F30F /* Frameworks */ = {
			isa = PBXFrameworksBuildPhase;
			buildActionMask = 2147483647;
			files = (
			);
			runOnlyForDeploymentPostprocessing = 0;
		};
		F4EB43CE1AAD7E910049F30F /* Frameworks */ = {
			isa = PBXFrameworksBuildPhase;
			buildActionMask = 2147483647;
			files = (
			);
			runOnlyForDeploymentPostprocessing = 0;
		};
		F4EB43E21AAD7F010049F30F /* Frameworks */ = {
			isa = PBXFrameworksBuildPhase;
			buildActionMask = 2147483647;
			files = (
			);
			runOnlyForDeploymentPostprocessing = 0;
		};
/* End PBXFrameworksBuildPhase section */

/* Begin PBXGroup section */
		F4428C4A1AD54EDE0034A722 /* Shared Code */ = {
			isa = PBXGroup;
			children = (
				F4428C421AD41AEE0034A722 /* JahiaWatcherSettings.swift */,
				F4428C471AD54ED50034A722 /* JahiaServerServices.swift */,
				F4F7AD131AEA865000AFBBB8 /* Post.swift */,
				F4478D941AFC998B00763D5C /* NSDate+RelativeTime.swift */,
				F4478D981AFC9F0D00763D5C /* Task.swift */,
				F4F412CE1B0250F500DB21BD /* TaskAction.swift */,
				F4F412DA1B04D63F00DB21BD /* MessageDelegate.swift */,
				F4F412E61B07720D00DB21BD /* DefaultMessageDelegate.swift */,
				F4FD97E31B0B80D1001A0474 /* PostAction.swift */,
			);
			name = "Shared Code";
			sourceTree = "<group>";
		};
		F4EB43B11AAD7E910049F30F = {
			isa = PBXGroup;
			children = (
				F4428C4A1AD54EDE0034A722 /* Shared Code */,
				F4EB43BC1AAD7E910049F30F /* Jahia Watcher */,
				F4EB43D41AAD7E910049F30F /* Jahia Watcher Tests */,
				F4EB43E61AAD7F010049F30F /* Jahia Watcher WatchKit Extension */,
				F4EB43F81AAD7F010049F30F /* Jahia Watcher WatchKit App */,
				F4EB43BB1AAD7E910049F30F /* Products */,
			);
			sourceTree = "<group>";
		};
		F4EB43BB1AAD7E910049F30F /* Products */ = {
			isa = PBXGroup;
			children = (
				F4EB43BA1AAD7E910049F30F /* Jahia Watcher.app */,
				F4EB43D11AAD7E910049F30F /* Jahia WatcherTests.xctest */,
				F4EB43E51AAD7F010049F30F /* Jahia Watcher WatchKit Extension.appex */,
				F4EB43F41AAD7F010049F30F /* Jahia Watcher WatchKit App.app */,
			);
			name = Products;
			sourceTree = "<group>";
		};
		F4EB43BC1AAD7E910049F30F /* Jahia Watcher */ = {
			isa = PBXGroup;
			children = (
				F4F412D81B04D35E00DB21BD /* SwiftSpinner.swift */,
				F4428C401AD412430034A722 /* Jahia Watcher.entitlements */,
				F4EB43BF1AAD7E910049F30F /* AppDelegate.swift */,
				F4EB43C51AAD7E910049F30F /* Main.storyboard */,
				F4EB43C81AAD7E910049F30F /* Images.xcassets */,
				F4EB43CA1AAD7E910049F30F /* LaunchScreen.xib */,
				F4EB43BD1AAD7E910049F30F /* Supporting Files */,
				F4428C451AD534490034A722 /* SettingsViewController.swift */,
				F4428C571AD5638D0034A722 /* PostsTableViewController.swift */,
				F4428C591AD56AC10034A722 /* PostExtractTableViewCell.swift */,
				F476C8B01AE33D2200178A8F /* PostDetailViewController.swift */,
				F4F23BB31AD99E6E003751C6 /* MainTabBarController.swift */,
				F4478D9E1AFCA13100763D5C /* TasksTableViewController.swift */,
				F4478DA01AFCA24F00763D5C /* TaskDetailViewController.swift */,
				F4478DA21AFCA27000763D5C /* TaskExtractTableViewCell.swift */,
				F4F412CC1B00D91300DB21BD /* TaskContentPreviewViewController.swift */,
				F4F412D61B03276400DB21BD /* IdUIBarButtonItem.swift */,
				F4F412DC1B04DA7600DB21BD /* SwiftSpinnerMessageDelegate.swift */,
			);
			name = "Jahia Watcher";
			path = WatchTasks;
			sourceTree = "<group>";
		};
		F4EB43BD1AAD7E910049F30F /* Supporting Files */ = {
			isa = PBXGroup;
			children = (
				F4EB43BE1AAD7E910049F30F /* Info.plist */,
			);
			name = "Supporting Files";
			sourceTree = "<group>";
		};
		F4EB43D41AAD7E910049F30F /* Jahia Watcher Tests */ = {
			isa = PBXGroup;
			children = (
				F4EB43D71AAD7E910049F30F /* JahiaWatcherTests.swift */,
				F4EB43D51AAD7E910049F30F /* Supporting Files */,
			);
			name = "Jahia Watcher Tests";
			path = WatchTasksTests;
			sourceTree = "<group>";
		};
		F4EB43D51AAD7E910049F30F /* Supporting Files */ = {
			isa = PBXGroup;
			children = (
				F4EB43D61AAD7E910049F30F /* Info.plist */,
			);
			name = "Supporting Files";
			sourceTree = "<group>";
		};
		F4EB43E61AAD7F010049F30F /* Jahia Watcher WatchKit Extension */ = {
			isa = PBXGroup;
			children = (
				F4428C411AD4125E0034A722 /* Jahia Watcher WatchKit Extension.entitlements */,
				F4EB43EE1AAD7F010049F30F /* GlanceController.swift */,
				F4EB43F01AAD7F010049F30F /* Images.xcassets */,
				F4EB43E71AAD7F010049F30F /* Supporting Files */,
				F4428C4D1AD554680034A722 /* MainInterfaceController.swift */,
				F4428C4B1AD554580034A722 /* PostsInterfaceController.swift */,
				F4428C4F1AD556B40034A722 /* PostDetailInterfaceController.swift */,
				F4428C531AD55B020034A722 /* PostsRowController.swift */,
				F4EB43EC1AAD7F010049F30F /* NewPostNotificationController.swift */,
				F4EB43EA1AAD7F010049F30F /* TasksInterfaceController.swift */,
				F4428C511AD556DF0034A722 /* TaskDetailInterfaceController.swift */,
				F4428C551AD55B100034A722 /* TasksRowController.swift */,
				F4A3FB0B1AE0722B007CB24F /* NewTaskNotificationController.swift */,
				F4F412E01B064A9300DB21BD /* ConfirmationDialogContext.swift */,
				F4F412E21B064B6000DB21BD /* ConfirmationDialogInterfaceController.swift */,
			);
			name = "Jahia Watcher WatchKit Extension";
			path = "WatchTasks WatchKit Extension";
			sourceTree = "<group>";
		};
		F4EB43E71AAD7F010049F30F /* Supporting Files */ = {
			isa = PBXGroup;
			children = (
				F4EB43E81AAD7F010049F30F /* Info.plist */,
				F4EB43E91AAD7F010049F30F /* NewPostNotificationPayload.apns */,
				F4A3FB0A1AE07130007CB24F /* NewTaskNotificationPayload.apns */,
			);
			name = "Supporting Files";
			sourceTree = "<group>";
		};
		F4EB43F81AAD7F010049F30F /* Jahia Watcher WatchKit App */ = {
			isa = PBXGroup;
			children = (
				F4FFCA7E1AADE39600B2F040 /* logo-jahia-small.png */,
				F4EB43FB1AAD7F010049F30F /* Interface.storyboard */,
				F4EB43FE1AAD7F010049F30F /* Images.xcassets */,
				F4EB43F91AAD7F010049F30F /* Supporting Files */,
			);
			name = "Jahia Watcher WatchKit App";
			path = "WatchTasks WatchKit App";
			sourceTree = "<group>";
		};
		F4EB43F91AAD7F010049F30F /* Supporting Files */ = {
			isa = PBXGroup;
			children = (
				F4EB43FA1AAD7F010049F30F /* Info.plist */,
			);
			name = "Supporting Files";
			sourceTree = "<group>";
		};
/* End PBXGroup section */

/* Begin PBXNativeTarget section */
		F4EB43B91AAD7E910049F30F /* Jahia Watcher */ = {
			isa = PBXNativeTarget;
			buildConfigurationList = F4EB43DB1AAD7E910049F30F /* Build configuration list for PBXNativeTarget "Jahia Watcher" */;
			buildPhases = (
				F4EB43B61AAD7E910049F30F /* Sources */,
				F4EB43B71AAD7E910049F30F /* Frameworks */,
				F4EB43B81AAD7E910049F30F /* Resources */,
				F4EB44091AAD7F010049F30F /* Embed App Extensions */,
			);
			buildRules = (
			);
			dependencies = (
				F4EB44011AAD7F010049F30F /* PBXTargetDependency */,
			);
			name = "Jahia Watcher";
			productName = WatchTasks;
			productReference = F4EB43BA1AAD7E910049F30F /* Jahia Watcher.app */;
			productType = "com.apple.product-type.application";
		};
		F4EB43D01AAD7E910049F30F /* Jahia WatcherTests */ = {
			isa = PBXNativeTarget;
			buildConfigurationList = F4EB43DE1AAD7E910049F30F /* Build configuration list for PBXNativeTarget "Jahia WatcherTests" */;
			buildPhases = (
				F4EB43CD1AAD7E910049F30F /* Sources */,
				F4EB43CE1AAD7E910049F30F /* Frameworks */,
				F4EB43CF1AAD7E910049F30F /* Resources */,
			);
			buildRules = (
			);
			dependencies = (
				F4EB43D31AAD7E910049F30F /* PBXTargetDependency */,
			);
			name = "Jahia WatcherTests";
			productName = WatchTasksTests;
			productReference = F4EB43D11AAD7E910049F30F /* Jahia WatcherTests.xctest */;
			productType = "com.apple.product-type.bundle.unit-test";
		};
		F4EB43E41AAD7F010049F30F /* Jahia Watcher WatchKit Extension */ = {
			isa = PBXNativeTarget;
			buildConfigurationList = F4EB44061AAD7F010049F30F /* Build configuration list for PBXNativeTarget "Jahia Watcher WatchKit Extension" */;
			buildPhases = (
				F4EB43E11AAD7F010049F30F /* Sources */,
				F4EB43E21AAD7F010049F30F /* Frameworks */,
				F4EB43E31AAD7F010049F30F /* Resources */,
			);
			buildRules = (
			);
			dependencies = (
				F4EB43F71AAD7F010049F30F /* PBXTargetDependency */,
			);
			name = "Jahia Watcher WatchKit Extension";
			productName = "WatchTasks WatchKit Extension";
			productReference = F4EB43E51AAD7F010049F30F /* Jahia Watcher WatchKit Extension.appex */;
			productType = "com.apple.product-type.watchkit-extension";
		};
		F4EB43F31AAD7F010049F30F /* Jahia Watcher WatchKit App */ = {
			isa = PBXNativeTarget;
			buildConfigurationList = F4EB44031AAD7F010049F30F /* Build configuration list for PBXNativeTarget "Jahia Watcher WatchKit App" */;
			buildPhases = (
				F4EB43F21AAD7F010049F30F /* Resources */,
			);
			buildRules = (
			);
			dependencies = (
			);
			name = "Jahia Watcher WatchKit App";
			productName = "WatchTasks WatchKit App";
			productReference = F4EB43F41AAD7F010049F30F /* Jahia Watcher WatchKit App.app */;
			productType = "com.apple.product-type.application.watchapp";
		};
/* End PBXNativeTarget section */

/* Begin PBXProject section */
		F4EB43B21AAD7E910049F30F /* Project object */ = {
			isa = PBXProject;
			attributes = {
				LastUpgradeCheck = 0620;
				ORGANIZATIONNAME = "Jahia Solutions";
				TargetAttributes = {
					F4EB43B91AAD7E910049F30F = {
						CreatedOnToolsVersion = 6.2;
						DevelopmentTeam = 882WN53RQQ;
						SystemCapabilities = {
							com.apple.ApplicationGroups.iOS = {
								enabled = 1;
							};
							com.apple.BackgroundModes = {
								enabled = 1;
							};
						};
					};
					F4EB43D01AAD7E910049F30F = {
						CreatedOnToolsVersion = 6.2;
						TestTargetID = F4EB43B91AAD7E910049F30F;
					};
					F4EB43E41AAD7F010049F30F = {
						CreatedOnToolsVersion = 6.2;
						DevelopmentTeam = 882WN53RQQ;
						SystemCapabilities = {
							com.apple.ApplicationGroups.iOS = {
								enabled = 1;
							};
						};
					};
					F4EB43F31AAD7F010049F30F = {
						CreatedOnToolsVersion = 6.2;
						DevelopmentTeam = 882WN53RQQ;
					};
				};
			};
			buildConfigurationList = F4EB43B51AAD7E910049F30F /* Build configuration list for PBXProject "Jahia Watcher" */;
			compatibilityVersion = "Xcode 3.2";
			developmentRegion = English;
			hasScannedForEncodings = 0;
			knownRegions = (
				en,
				Base,
			);
			mainGroup = F4EB43B11AAD7E910049F30F;
			productRefGroup = F4EB43BB1AAD7E910049F30F /* Products */;
			projectDirPath = "";
			projectRoot = "";
			targets = (
				F4EB43B91AAD7E910049F30F /* Jahia Watcher */,
				F4EB43D01AAD7E910049F30F /* Jahia WatcherTests */,
				F4EB43E41AAD7F010049F30F /* Jahia Watcher WatchKit Extension */,
				F4EB43F31AAD7F010049F30F /* Jahia Watcher WatchKit App */,
			);
		};
/* End PBXProject section */

/* Begin PBXResourcesBuildPhase section */
		F4EB43B81AAD7E910049F30F /* Resources */ = {
			isa = PBXResourcesBuildPhase;
			buildActionMask = 2147483647;
			files = (
				F4EB43C71AAD7E910049F30F /* Main.storyboard in Resources */,
				F4EB43CC1AAD7E910049F30F /* LaunchScreen.xib in Resources */,
				F4EB43C91AAD7E910049F30F /* Images.xcassets in Resources */,
			);
			runOnlyForDeploymentPostprocessing = 0;
		};
		F4EB43CF1AAD7E910049F30F /* Resources */ = {
			isa = PBXResourcesBuildPhase;
			buildActionMask = 2147483647;
			files = (
			);
			runOnlyForDeploymentPostprocessing = 0;
		};
		F4EB43E31AAD7F010049F30F /* Resources */ = {
			isa = PBXResourcesBuildPhase;
			buildActionMask = 2147483647;
			files = (
				F4EB43F11AAD7F010049F30F /* Images.xcassets in Resources */,
				F4EB43F51AAD7F010049F30F /* Jahia Watcher WatchKit App.app in Resources */,
			);
			runOnlyForDeploymentPostprocessing = 0;
		};
		F4EB43F21AAD7F010049F30F /* Resources */ = {
			isa = PBXResourcesBuildPhase;
			buildActionMask = 2147483647;
			files = (
				F4FFCA7F1AADE39600B2F040 /* logo-jahia-small.png in Resources */,
				F4EB43FD1AAD7F010049F30F /* Interface.storyboard in Resources */,
				F4EB43FF1AAD7F010049F30F /* Images.xcassets in Resources */,
			);
			runOnlyForDeploymentPostprocessing = 0;
		};
/* End PBXResourcesBuildPhase section */

/* Begin PBXSourcesBuildPhase section */
		F4EB43B61AAD7E910049F30F /* Sources */ = {
			isa = PBXSourcesBuildPhase;
			buildActionMask = 2147483647;
			files = (
				F4F412CF1B0250F500DB21BD /* TaskAction.swift in Sources */,
				F4F7AD141AEA865000AFBBB8 /* Post.swift in Sources */,
				F4F412E71B07720D00DB21BD /* DefaultMessageDelegate.swift in Sources */,
				F4428C431AD41AEE0034A722 /* JahiaWatcherSettings.swift in Sources */,
				F4F23BB41AD99E6E003751C6 /* MainTabBarController.swift in Sources */,
				F4F412D91B04D35E00DB21BD /* SwiftSpinner.swift in Sources */,
				F4EB43C01AAD7E910049F30F /* AppDelegate.swift in Sources */,
				F4428C461AD534490034A722 /* SettingsViewController.swift in Sources */,
				F4428C481AD54ED50034A722 /* JahiaServerServices.swift in Sources */,
				F4428C5A1AD56AC10034A722 /* PostExtractTableViewCell.swift in Sources */,
				F4478D991AFC9F0D00763D5C /* Task.swift in Sources */,
				F4478DA11AFCA24F00763D5C /* TaskDetailViewController.swift in Sources */,
				F4478DA31AFCA27000763D5C /* TaskExtractTableViewCell.swift in Sources */,
				F4F412DB1B04D63F00DB21BD /* MessageDelegate.swift in Sources */,
				F4F412CD1B00D91300DB21BD /* TaskContentPreviewViewController.swift in Sources */,
				F476C8B11AE33D2200178A8F /* PostDetailViewController.swift in Sources */,
				F4478D951AFC998B00763D5C /* NSDate+RelativeTime.swift in Sources */,
				F4478D9F1AFCA13100763D5C /* TasksTableViewController.swift in Sources */,
				F4428C581AD5638D0034A722 /* PostsTableViewController.swift in Sources */,
				F4FD97E41B0B80D1001A0474 /* PostAction.swift in Sources */,
				F4F412DD1B04DA7600DB21BD /* SwiftSpinnerMessageDelegate.swift in Sources */,
				F4F412D71B03276400DB21BD /* IdUIBarButtonItem.swift in Sources */,
			);
			runOnlyForDeploymentPostprocessing = 0;
		};
		F4EB43CD1AAD7E910049F30F /* Sources */ = {
			isa = PBXSourcesBuildPhase;
			buildActionMask = 2147483647;
			files = (
				F4F412DE1B04DE1F00DB21BD /* MessageDelegate.swift in Sources */,
				F4FD97E51B0B80D1001A0474 /* PostAction.swift in Sources */,
				F4F412D01B0250F500DB21BD /* TaskAction.swift in Sources */,
				F4EB43D81AAD7E910049F30F /* JahiaWatcherTests.swift in Sources */,
				F4F412E81B07720D00DB21BD /* DefaultMessageDelegate.swift in Sources */,
				F4478D961AFC998B00763D5C /* NSDate+RelativeTime.swift in Sources */,
			);
			runOnlyForDeploymentPostprocessing = 0;
		};
		F4EB43E11AAD7F010049F30F /* Sources */ = {
			isa = PBXSourcesBuildPhase;
			buildActionMask = 2147483647;
			files = (
				F4428C541AD55B020034A722 /* PostsRowController.swift in Sources */,
				F4EB43ED1AAD7F010049F30F /* NewPostNotificationController.swift in Sources */,
				F4F412E41B064BD600DB21BD /* ConfirmationDialogContext.swift in Sources */,
				F4428C491AD54ED50034A722 /* JahiaServerServices.swift in Sources */,
				F4FD97E61B0B80D1001A0474 /* PostAction.swift in Sources */,
				F4478D971AFC998B00763D5C /* NSDate+RelativeTime.swift in Sources */,
				F4F412DF1B04DE2000DB21BD /* MessageDelegate.swift in Sources */,
				F4428C441AD422740034A722 /* JahiaWatcherSettings.swift in Sources */,
				F4F7AD151AEA865000AFBBB8 /* Post.swift in Sources */,
				F4F412E91B07720D00DB21BD /* DefaultMessageDelegate.swift in Sources */,
				F4428C4C1AD554580034A722 /* PostsInterfaceController.swift in Sources */,
				F4478D9B1AFC9F0D00763D5C /* Task.swift in Sources */,
				F4428C501AD556B40034A722 /* PostDetailInterfaceController.swift in Sources */,
				F4EB43EB1AAD7F010049F30F /* TasksInterfaceController.swift in Sources */,
				F4428C561AD55B100034A722 /* TasksRowController.swift in Sources */,
				F4428C4E1AD554680034A722 /* MainInterfaceController.swift in Sources */,
				F4F412D11B0250F500DB21BD /* TaskAction.swift in Sources */,
				F4428C521AD556DF0034A722 /* TaskDetailInterfaceController.swift in Sources */,
				F4A3FB0C1AE0722B007CB24F /* NewTaskNotificationController.swift in Sources */,
				F4F412E51B064CF000DB21BD /* ConfirmationDialogInterfaceController.swift in Sources */,
				F4EB43EF1AAD7F010049F30F /* GlanceController.swift in Sources */,
			);
			runOnlyForDeploymentPostprocessing = 0;
		};
/* End PBXSourcesBuildPhase section */

/* Begin PBXTargetDependency section */
		F4EB43D31AAD7E910049F30F /* PBXTargetDependency */ = {
			isa = PBXTargetDependency;
			target = F4EB43B91AAD7E910049F30F /* Jahia Watcher */;
			targetProxy = F4EB43D21AAD7E910049F30F /* PBXContainerItemProxy */;
		};
		F4EB43F71AAD7F010049F30F /* PBXTargetDependency */ = {
			isa = PBXTargetDependency;
			target = F4EB43F31AAD7F010049F30F /* Jahia Watcher WatchKit App */;
			targetProxy = F4EB43F61AAD7F010049F30F /* PBXContainerItemProxy */;
		};
		F4EB44011AAD7F010049F30F /* PBXTargetDependency */ = {
			isa = PBXTargetDependency;
			target = F4EB43E41AAD7F010049F30F /* Jahia Watcher WatchKit Extension */;
			targetProxy = F4EB44001AAD7F010049F30F /* PBXContainerItemProxy */;
		};
/* End PBXTargetDependency section */

/* Begin PBXVariantGroup section */
		F4EB43C51AAD7E910049F30F /* Main.storyboard */ = {
			isa = PBXVariantGroup;
			children = (
				F4EB43C61AAD7E910049F30F /* Base */,
			);
			name = Main.storyboard;
			sourceTree = "<group>";
		};
		F4EB43CA1AAD7E910049F30F /* LaunchScreen.xib */ = {
			isa = PBXVariantGroup;
			children = (
				F4EB43CB1AAD7E910049F30F /* Base */,
			);
			name = LaunchScreen.xib;
			sourceTree = "<group>";
		};
		F4EB43FB1AAD7F010049F30F /* Interface.storyboard */ = {
			isa = PBXVariantGroup;
			children = (
				F4EB43FC1AAD7F010049F30F /* Base */,
			);
			name = Interface.storyboard;
			sourceTree = "<group>";
		};
/* End PBXVariantGroup section */

/* Begin XCBuildConfiguration section */
		F4EB43D91AAD7E910049F30F /* Debug */ = {
			isa = XCBuildConfiguration;
			buildSettings = {
				ALWAYS_SEARCH_USER_PATHS = NO;
				CLANG_CXX_LANGUAGE_STANDARD = "gnu++0x";
				CLANG_CXX_LIBRARY = "libc++";
				CLANG_ENABLE_MODULES = YES;
				CLANG_ENABLE_OBJC_ARC = YES;
				CLANG_WARN_BOOL_CONVERSION = YES;
				CLANG_WARN_CONSTANT_CONVERSION = YES;
				CLANG_WARN_DIRECT_OBJC_ISA_USAGE = YES_ERROR;
				CLANG_WARN_EMPTY_BODY = YES;
				CLANG_WARN_ENUM_CONVERSION = YES;
				CLANG_WARN_INT_CONVERSION = YES;
				CLANG_WARN_OBJC_ROOT_CLASS = YES_ERROR;
				CLANG_WARN_UNREACHABLE_CODE = YES;
				CLANG_WARN__DUPLICATE_METHOD_MATCH = YES;
				"CODE_SIGN_IDENTITY[sdk=iphoneos*]" = "iPhone Developer";
				COPY_PHASE_STRIP = NO;
				ENABLE_STRICT_OBJC_MSGSEND = YES;
				GCC_C_LANGUAGE_STANDARD = gnu99;
				GCC_DYNAMIC_NO_PIC = NO;
				GCC_OPTIMIZATION_LEVEL = 0;
				GCC_PREPROCESSOR_DEFINITIONS = (
					"DEBUG=1",
					"$(inherited)",
				);
				GCC_SYMBOLS_PRIVATE_EXTERN = NO;
				GCC_WARN_64_TO_32_BIT_CONVERSION = YES;
				GCC_WARN_ABOUT_RETURN_TYPE = YES_ERROR;
				GCC_WARN_UNDECLARED_SELECTOR = YES;
				GCC_WARN_UNINITIALIZED_AUTOS = YES_AGGRESSIVE;
				GCC_WARN_UNUSED_FUNCTION = YES;
				GCC_WARN_UNUSED_VARIABLE = YES;
				IPHONEOS_DEPLOYMENT_TARGET = 8.2;
				MTL_ENABLE_DEBUG_INFO = YES;
				ONLY_ACTIVE_ARCH = YES;
				SDKROOT = iphoneos;
				SWIFT_OPTIMIZATION_LEVEL = "-Onone";
				TARGETED_DEVICE_FAMILY = "1,2";
			};
			name = Debug;
		};
		F4EB43DA1AAD7E910049F30F /* Release */ = {
			isa = XCBuildConfiguration;
			buildSettings = {
				ALWAYS_SEARCH_USER_PATHS = NO;
				CLANG_CXX_LANGUAGE_STANDARD = "gnu++0x";
				CLANG_CXX_LIBRARY = "libc++";
				CLANG_ENABLE_MODULES = YES;
				CLANG_ENABLE_OBJC_ARC = YES;
				CLANG_WARN_BOOL_CONVERSION = YES;
				CLANG_WARN_CONSTANT_CONVERSION = YES;
				CLANG_WARN_DIRECT_OBJC_ISA_USAGE = YES_ERROR;
				CLANG_WARN_EMPTY_BODY = YES;
				CLANG_WARN_ENUM_CONVERSION = YES;
				CLANG_WARN_INT_CONVERSION = YES;
				CLANG_WARN_OBJC_ROOT_CLASS = YES_ERROR;
				CLANG_WARN_UNREACHABLE_CODE = YES;
				CLANG_WARN__DUPLICATE_METHOD_MATCH = YES;
				"CODE_SIGN_IDENTITY[sdk=iphoneos*]" = "iPhone Developer";
				COPY_PHASE_STRIP = NO;
				ENABLE_NS_ASSERTIONS = NO;
				ENABLE_STRICT_OBJC_MSGSEND = YES;
				GCC_C_LANGUAGE_STANDARD = gnu99;
				GCC_WARN_64_TO_32_BIT_CONVERSION = YES;
				GCC_WARN_ABOUT_RETURN_TYPE = YES_ERROR;
				GCC_WARN_UNDECLARED_SELECTOR = YES;
				GCC_WARN_UNINITIALIZED_AUTOS = YES_AGGRESSIVE;
				GCC_WARN_UNUSED_FUNCTION = YES;
				GCC_WARN_UNUSED_VARIABLE = YES;
				IPHONEOS_DEPLOYMENT_TARGET = 8.2;
				MTL_ENABLE_DEBUG_INFO = NO;
				SDKROOT = iphoneos;
				TARGETED_DEVICE_FAMILY = "1,2";
				VALIDATE_PRODUCT = YES;
			};
			name = Release;
		};
		F4EB43DC1AAD7E910049F30F /* Debug */ = {
			isa = XCBuildConfiguration;
			buildSettings = {
				ASSETCATALOG_COMPILER_APPICON_NAME = AppIcon;
				CODE_SIGN_ENTITLEMENTS = "Jahia Watcher.entitlements";
				CODE_SIGN_IDENTITY = "iPhone Developer";
				"CODE_SIGN_IDENTITY[sdk=iphoneos*]" = "iPhone Developer";
				EMBEDDED_CONTENT_CONTAINS_SWIFT = YES;
				INFOPLIST_FILE = WatchTasks/Info.plist;
				IPHONEOS_DEPLOYMENT_TARGET = 7.1;
				LD_RUNPATH_SEARCH_PATHS = "$(inherited) @executable_path/Frameworks";
				PRODUCT_NAME = "Jahia Watcher";
				PROVISIONING_PROFILE = "";
				TARGETED_DEVICE_FAMILY = 1;
			};
			name = Debug;
		};
		F4EB43DD1AAD7E910049F30F /* Release */ = {
			isa = XCBuildConfiguration;
			buildSettings = {
				ASSETCATALOG_COMPILER_APPICON_NAME = AppIcon;
				CODE_SIGN_ENTITLEMENTS = "Jahia Watcher.entitlements";
				CODE_SIGN_IDENTITY = "iPhone Developer";
				"CODE_SIGN_IDENTITY[sdk=iphoneos*]" = "iPhone Developer";
				EMBEDDED_CONTENT_CONTAINS_SWIFT = YES;
				INFOPLIST_FILE = WatchTasks/Info.plist;
				IPHONEOS_DEPLOYMENT_TARGET = 7.1;
				LD_RUNPATH_SEARCH_PATHS = "$(inherited) @executable_path/Frameworks";
				PRODUCT_NAME = "Jahia Watcher";
				PROVISIONING_PROFILE = "";
				TARGETED_DEVICE_FAMILY = 1;
			};
			name = Release;
		};
		F4EB43DF1AAD7E910049F30F /* Debug */ = {
			isa = XCBuildConfiguration;
			buildSettings = {
				BUNDLE_LOADER = "$(TEST_HOST)";
				FRAMEWORK_SEARCH_PATHS = (
					"$(SDKROOT)/Developer/Library/Frameworks",
					"$(inherited)",
				);
				GCC_PREPROCESSOR_DEFINITIONS = (
					"DEBUG=1",
					"$(inherited)",
				);
				INFOPLIST_FILE = WatchTasksTests/Info.plist;
				LD_RUNPATH_SEARCH_PATHS = "$(inherited) @executable_path/Frameworks @loader_path/Frameworks";
				PRODUCT_NAME = "Jahia WatcherTests";
				TEST_HOST = "$(BUILT_PRODUCTS_DIR)/Jahia Watcher.app/Jahia Watcher";
			};
			name = Debug;
		};
		F4EB43E01AAD7E910049F30F /* Release */ = {
			isa = XCBuildConfiguration;
			buildSettings = {
				BUNDLE_LOADER = "$(TEST_HOST)";
				FRAMEWORK_SEARCH_PATHS = (
					"$(SDKROOT)/Developer/Library/Frameworks",
					"$(inherited)",
				);
				INFOPLIST_FILE = WatchTasksTests/Info.plist;
				LD_RUNPATH_SEARCH_PATHS = "$(inherited) @executable_path/Frameworks @loader_path/Frameworks";
				PRODUCT_NAME = "Jahia WatcherTests";
				TEST_HOST = "$(BUILT_PRODUCTS_DIR)/Jahia Watcher.app/Jahia Watcher";
			};
			name = Release;
		};
		F4EB44041AAD7F010049F30F /* Debug */ = {
			isa = XCBuildConfiguration;
			buildSettings = {
				ASSETCATALOG_COMPILER_APPICON_NAME = AppIcon;
				CODE_SIGN_IDENTITY = "iPhone Developer";
				GCC_PREPROCESSOR_DEFINITIONS = (
					"DEBUG=1",
					"$(inherited)",
				);
				IBSC_MODULE = WatchTasks_WatchKit_Extension;
				INFOPLIST_FILE = "WatchTasks WatchKit App/Info.plist";
				PRODUCT_NAME = "Jahia Watcher WatchKit App";
				SKIP_INSTALL = YES;
				TARGETED_DEVICE_FAMILY = 4;
				"TARGETED_DEVICE_FAMILY[sdk=iphonesimulator*]" = "1,4";
			};
			name = Debug;
		};
		F4EB44051AAD7F010049F30F /* Release */ = {
			isa = XCBuildConfiguration;
			buildSettings = {
				ASSETCATALOG_COMPILER_APPICON_NAME = AppIcon;
				CODE_SIGN_IDENTITY = "iPhone Developer";
				IBSC_MODULE = WatchTasks_WatchKit_Extension;
				INFOPLIST_FILE = "WatchTasks WatchKit App/Info.plist";
				PRODUCT_NAME = "Jahia Watcher WatchKit App";
				SKIP_INSTALL = YES;
				TARGETED_DEVICE_FAMILY = 4;
				"TARGETED_DEVICE_FAMILY[sdk=iphonesimulator*]" = "1,4";
			};
			name = Release;
		};
		F4EB44071AAD7F010049F30F /* Debug */ = {
			isa = XCBuildConfiguration;
			buildSettings = {
				CODE_SIGN_ENTITLEMENTS = "Jahia Watcher WatchKit Extension.entitlements";
				CODE_SIGN_IDENTITY = "iPhone Developer";
				"CODE_SIGN_IDENTITY[sdk=iphoneos*]" = "iPhone Developer";
				GCC_PREPROCESSOR_DEFINITIONS = (
					"DEBUG=1",
					"$(inherited)",
				);
				INFOPLIST_FILE = "WatchTasks WatchKit Extension/Info.plist";
				LD_RUNPATH_SEARCH_PATHS = "$(inherited) @executable_path/Frameworks @executable_path/../../Frameworks";
				PRODUCT_NAME = "Jahia Watcher WatchKit Extension";
				PROVISIONING_PROFILE = "";
				SKIP_INSTALL = YES;
			};
			name = Debug;
		};
		F4EB44081AAD7F010049F30F /* Release */ = {
			isa = XCBuildConfiguration;
			buildSettings = {
				CODE_SIGN_ENTITLEMENTS = "Jahia Watcher WatchKit Extension.entitlements";
				CODE_SIGN_IDENTITY = "iPhone Developer";
				"CODE_SIGN_IDENTITY[sdk=iphoneos*]" = "iPhone Developer";
				INFOPLIST_FILE = "WatchTasks WatchKit Extension/Info.plist";
				LD_RUNPATH_SEARCH_PATHS = "$(inherited) @executable_path/Frameworks @executable_path/../../Frameworks";
				PRODUCT_NAME = "Jahia Watcher WatchKit Extension";
				PROVISIONING_PROFILE = "";
				SKIP_INSTALL = YES;
			};
			name = Release;
		};
/* End XCBuildConfiguration section */

/* Begin XCConfigurationList section */
		F4EB43B51AAD7E910049F30F /* Build configuration list for PBXProject "Jahia Watcher" */ = {
			isa = XCConfigurationList;
			buildConfigurations = (
				F4EB43D91AAD7E910049F30F /* Debug */,
				F4EB43DA1AAD7E910049F30F /* Release */,
			);
			defaultConfigurationIsVisible = 0;
			defaultConfigurationName = Release;
		};
		F4EB43DB1AAD7E910049F30F /* Build configuration list for PBXNativeTarget "Jahia Watcher" */ = {
			isa = XCConfigurationList;
			buildConfigurations = (
				F4EB43DC1AAD7E910049F30F /* Debug */,
				F4EB43DD1AAD7E910049F30F /* Release */,
			);
			defaultConfigurationIsVisible = 0;
			defaultConfigurationName = Release;
		};
		F4EB43DE1AAD7E910049F30F /* Build configuration list for PBXNativeTarget "Jahia WatcherTests" */ = {
			isa = XCConfigurationList;
			buildConfigurations = (
				F4EB43DF1AAD7E910049F30F /* Debug */,
				F4EB43E01AAD7E910049F30F /* Release */,
			);
			defaultConfigurationIsVisible = 0;
			defaultConfigurationName = Release;
		};
		F4EB44031AAD7F010049F30F /* Build configuration list for PBXNativeTarget "Jahia Watcher WatchKit App" */ = {
			isa = XCConfigurationList;
			buildConfigurations = (
				F4EB44041AAD7F010049F30F /* Debug */,
				F4EB44051AAD7F010049F30F /* Release */,
			);
			defaultConfigurationIsVisible = 0;
			defaultConfigurationName = Release;
		};
		F4EB44061AAD7F010049F30F /* Build configuration list for PBXNativeTarget "Jahia Watcher WatchKit Extension" */ = {
			isa = XCConfigurationList;
			buildConfigurations = (
				F4EB44071AAD7F010049F30F /* Debug */,
				F4EB44081AAD7F010049F30F /* Release */,
			);
			defaultConfigurationIsVisible = 0;
			defaultConfigurationName = Release;
		};
/* End XCConfigurationList section */
	};
	rootObject = F4EB43B21AAD7E910049F30F /* Project object */;
}
